
Microsoft Visual Studio Solution File, Format Version 12.00
# Visual Studio 15
VisualStudioVersion = 15.0.27004.2005
MinimumVisualStudioVersion = 10.0.40219.1
Project("{FAE04EC0-301F-11D3-BF4B-00C04F79EFBC}") = "FizzBuzzLive", "FizzBuzzLive\FizzBuzzLive.csproj", "{889651E7-1326-48B8-9BAE-AB7563FE3DCE}"
EndProject
Project("{FAE04EC0-301F-11D3-BF4B-00C04F79EFBC}") = "FizzBuzzLive.Tests", "FizzBuzzLive.Tests\FizzBuzzLive.Tests.csproj", "{46585296-2D14-49CB-A691-EA733CEE0105}"
EndProject
Global
	GlobalSection(SolutionConfigurationPlatforms) = preSolution
		Debug|Any CPU = Debug|Any CPU
		Release|Any CPU = Release|Any CPU
	EndGlobalSection
	GlobalSection(ProjectConfigurationPlatforms) = postSolution
		{889651E7-1326-48B8-9BAE-AB7563FE3DCE}.Debug|Any CPU.ActiveCfg = Debug|Any CPU
		{889651E7-1326-48B8-9BAE-AB7563FE3DCE}.Debug|Any CPU.Build.0 = Debug|Any CPU
		{889651E7-1326-48B8-9BAE-AB7563FE3DCE}.Release|Any CPU.ActiveCfg = Release|Any CPU
		{889651E7-1326-48B8-9BAE-AB7563FE3DCE}.Release|Any CPU.Build.0 = Release|Any CPU
		{46585296-2D14-49CB-A691-EA733CEE0105}.Debug|Any CPU.ActiveCfg = Debug|Any CPU
		{46585296-2D14-49CB-A691-EA733CEE0105}.Debug|Any CPU.Build.0 = Debug|Any CPU
		{46585296-2D14-49CB-A691-EA733CEE0105}.Release|Any CPU.ActiveCfg = Release|Any CPU
		{46585296-2D14-49CB-A691-EA733CEE0105}.Release|Any CPU.Build.0 = Release|Any CPU
	EndGlobalSection
	GlobalSection(SolutionProperties) = preSolution
		HideSolutionNode = FALSE
	EndGlobalSection
	GlobalSection(ExtensibilityGlobals) = postSolution
		SolutionGuid = {F45CFE9B-814F-4A62-92A8-F6E857940C26}
	EndGlobalSection
EndGlobal
